
Microsoft Visual Studio Solution File, Format Version 12.00
# Visual Studio Version 17
VisualStudioVersion = 17.3.32819.101
MinimumVisualStudioVersion = 10.0.40219.1
Project("{00D1A9C2-B5F0-4AF3-8072-F6C62B433612}") = "NotiApp.DB", "NotiApp.DB\NotiApp.DB.sqlproj", "{3068F76C-0C3B-47E6-BEFE-A2FE1556D291}"
EndProject
Project("{FAE04EC0-301F-11D3-BF4B-00C04F79EFBC}") = "NotiApp.Models", "NotiApp.Models\NotiApp.Models.csproj", "{267B4BDF-EA00-46DD-9ADA-498980CB4764}"
EndProject
Project("{FAE04EC0-301F-11D3-BF4B-00C04F79EFBC}") = "NotiApp.WebApp", "NotiApp.WebApp\NotiApp.WebApp.csproj", "{01509E46-5C1A-4AC7-B71D-ED38A4E99A55}"
EndProject
Global
	GlobalSection(SolutionConfigurationPlatforms) = preSolution
		Debug|Any CPU = Debug|Any CPU
		Release|Any CPU = Release|Any CPU
	EndGlobalSection
	GlobalSection(ProjectConfigurationPlatforms) = postSolution
		{3068F76C-0C3B-47E6-BEFE-A2FE1556D291}.Debug|Any CPU.ActiveCfg = Debug|Any CPU
		{3068F76C-0C3B-47E6-BEFE-A2FE1556D291}.Debug|Any CPU.Build.0 = Debug|Any CPU
		{3068F76C-0C3B-47E6-BEFE-A2FE1556D291}.Debug|Any CPU.Deploy.0 = Debug|Any CPU
		{3068F76C-0C3B-47E6-BEFE-A2FE1556D291}.Release|Any CPU.ActiveCfg = Release|Any CPU
		{3068F76C-0C3B-47E6-BEFE-A2FE1556D291}.Release|Any CPU.Build.0 = Release|Any CPU
		{3068F76C-0C3B-47E6-BEFE-A2FE1556D291}.Release|Any CPU.Deploy.0 = Release|Any CPU
		{267B4BDF-EA00-46DD-9ADA-498980CB4764}.Debug|Any CPU.ActiveCfg = Debug|Any CPU
		{267B4BDF-EA00-46DD-9ADA-498980CB4764}.Debug|Any CPU.Build.0 = Debug|Any CPU
		{267B4BDF-EA00-46DD-9ADA-498980CB4764}.Release|Any CPU.ActiveCfg = Release|Any CPU
		{267B4BDF-EA00-46DD-9ADA-498980CB4764}.Release|Any CPU.Build.0 = Release|Any CPU
		{01509E46-5C1A-4AC7-B71D-ED38A4E99A55}.Debug|Any CPU.ActiveCfg = Debug|Any CPU
		{01509E46-5C1A-4AC7-B71D-ED38A4E99A55}.Debug|Any CPU.Build.0 = Debug|Any CPU
		{01509E46-5C1A-4AC7-B71D-ED38A4E99A55}.Release|Any CPU.ActiveCfg = Release|Any CPU
		{01509E46-5C1A-4AC7-B71D-ED38A4E99A55}.Release|Any CPU.Build.0 = Release|Any CPU
	EndGlobalSection
	GlobalSection(SolutionProperties) = preSolution
		HideSolutionNode = FALSE
	EndGlobalSection
	GlobalSection(ExtensibilityGlobals) = postSolution
		SolutionGuid = {6A7621FA-AFB7-4AA0-BA44-08F1B01CCDFB}
	EndGlobalSection
EndGlobal
